
Microsoft Visual Studio Solution File, Format Version 12.00
Project("{FAE04EC0-301F-11D3-BF4B-00C04F79EFBC}") = "Cashregister.Api", "Cashregister.Api\Cashregister.Api.csproj", "{26508B45-675C-48F8-886D-7CA508B57D26}"
EndProject
Project("{FAE04EC0-301F-11D3-BF4B-00C04F79EFBC}") = "Cashregister.Database", "Cashregister.Database\Cashregister.Database.csproj", "{DD4D5544-56DB-4544-9B60-95A329E4137B}"
EndProject
Project("{FAE04EC0-301F-11D3-BF4B-00C04F79EFBC}") = "Cashregister.Application", "Cashregister.Application\Cashregister.Application.csproj", "{E314AC1B-7CCC-4081-95FD-E3606AC3B9E6}"
EndProject
Project("{FAE04EC0-301F-11D3-BF4B-00C04F79EFBC}") = "Cashregister.Domain", "Cashregister.Domain\Cashregister.Domain.csproj", "{0BB6F002-D7A5-4858-BA3C-B482AD87AAB7}"
EndProject
Project("{FAE04EC0-301F-11D3-BF4B-00C04F79EFBC}") = "Cashregister.Factories", "Cashregister.Factories\Cashregister.Factories.csproj", "{4193FE4B-3E18-4872-9EE7-14871245AFA0}"
EndProject
Project("{FAE04EC0-301F-11D3-BF4B-00C04F79EFBC}") = "Cashregister.Activities", "Cashregister.Activities\Cashregister.Activities.csproj", "{27FA39F6-AB30-469F-95B9-56F745A456DF}"
EndProject
Project("{FAE04EC0-301F-11D3-BF4B-00C04F79EFBC}") = "Cashregister.Tests.Integration", "Cashregister.Tests.Integration\Cashregister.Tests.Integration.csproj", "{C2511118-A536-4FD6-9DFA-B967D2BA4F9A}"
EndProject
Global
	GlobalSection(SolutionConfigurationPlatforms) = preSolution
		Debug|Any CPU = Debug|Any CPU
		Release|Any CPU = Release|Any CPU
	EndGlobalSection
	GlobalSection(ProjectConfigurationPlatforms) = postSolution
		{26508B45-675C-48F8-886D-7CA508B57D26}.Debug|Any CPU.ActiveCfg = Debug|Any CPU
		{26508B45-675C-48F8-886D-7CA508B57D26}.Debug|Any CPU.Build.0 = Debug|Any CPU
		{26508B45-675C-48F8-886D-7CA508B57D26}.Release|Any CPU.ActiveCfg = Release|Any CPU
		{26508B45-675C-48F8-886D-7CA508B57D26}.Release|Any CPU.Build.0 = Release|Any CPU
		{DD4D5544-56DB-4544-9B60-95A329E4137B}.Debug|Any CPU.ActiveCfg = Debug|Any CPU
		{DD4D5544-56DB-4544-9B60-95A329E4137B}.Debug|Any CPU.Build.0 = Debug|Any CPU
		{DD4D5544-56DB-4544-9B60-95A329E4137B}.Release|Any CPU.ActiveCfg = Release|Any CPU
		{DD4D5544-56DB-4544-9B60-95A329E4137B}.Release|Any CPU.Build.0 = Release|Any CPU
		{E314AC1B-7CCC-4081-95FD-E3606AC3B9E6}.Debug|Any CPU.ActiveCfg = Debug|Any CPU
		{E314AC1B-7CCC-4081-95FD-E3606AC3B9E6}.Debug|Any CPU.Build.0 = Debug|Any CPU
		{E314AC1B-7CCC-4081-95FD-E3606AC3B9E6}.Release|Any CPU.ActiveCfg = Release|Any CPU
		{E314AC1B-7CCC-4081-95FD-E3606AC3B9E6}.Release|Any CPU.Build.0 = Release|Any CPU
		{0BB6F002-D7A5-4858-BA3C-B482AD87AAB7}.Debug|Any CPU.ActiveCfg = Debug|Any CPU
		{0BB6F002-D7A5-4858-BA3C-B482AD87AAB7}.Debug|Any CPU.Build.0 = Debug|Any CPU
		{0BB6F002-D7A5-4858-BA3C-B482AD87AAB7}.Release|Any CPU.ActiveCfg = Release|Any CPU
		{0BB6F002-D7A5-4858-BA3C-B482AD87AAB7}.Release|Any CPU.Build.0 = Release|Any CPU
		{4193FE4B-3E18-4872-9EE7-14871245AFA0}.Debug|Any CPU.ActiveCfg = Debug|Any CPU
		{4193FE4B-3E18-4872-9EE7-14871245AFA0}.Debug|Any CPU.Build.0 = Debug|Any CPU
		{4193FE4B-3E18-4872-9EE7-14871245AFA0}.Release|Any CPU.ActiveCfg = Release|Any CPU
		{4193FE4B-3E18-4872-9EE7-14871245AFA0}.Release|Any CPU.Build.0 = Release|Any CPU
		{27FA39F6-AB30-469F-95B9-56F745A456DF}.Debug|Any CPU.ActiveCfg = Debug|Any CPU
		{27FA39F6-AB30-469F-95B9-56F745A456DF}.Debug|Any CPU.Build.0 = Debug|Any CPU
		{27FA39F6-AB30-469F-95B9-56F745A456DF}.Release|Any CPU.ActiveCfg = Release|Any CPU
		{27FA39F6-AB30-469F-95B9-56F745A456DF}.Release|Any CPU.Build.0 = Release|Any CPU
		{C2511118-A536-4FD6-9DFA-B967D2BA4F9A}.Debug|Any CPU.ActiveCfg = Debug|Any CPU
		{C2511118-A536-4FD6-9DFA-B967D2BA4F9A}.Debug|Any CPU.Build.0 = Debug|Any CPU
		{C2511118-A536-4FD6-9DFA-B967D2BA4F9A}.Release|Any CPU.ActiveCfg = Release|Any CPU
		{C2511118-A536-4FD6-9DFA-B967D2BA4F9A}.Release|Any CPU.Build.0 = Release|Any CPU
	EndGlobalSection
EndGlobal
